
Microsoft Visual Studio Solution File, Format Version 12.00
# Visual Studio 15
VisualStudioVersion = 15.0.26730.16
MinimumVisualStudioVersion = 10.0.40219.1
Project("{9A19103F-16F7-4668-BE54-9A1E7A4F7556}") = "Toggl", "Toggl\Toggl.csproj", "{E5495E02-F8AE-4212-BFE5-C681D25A16AD}"
EndProject
Global
	GlobalSection(SolutionConfigurationPlatforms) = preSolution
		Debug|Any CPU = Debug|Any CPU
		Release|Any CPU = Release|Any CPU
	EndGlobalSection
	GlobalSection(ProjectConfigurationPlatforms) = postSolution
		{E5495E02-F8AE-4212-BFE5-C681D25A16AD}.Debug|Any CPU.ActiveCfg = Debug|Any CPU
		{E5495E02-F8AE-4212-BFE5-C681D25A16AD}.Debug|Any CPU.Build.0 = Debug|Any CPU
		{E5495E02-F8AE-4212-BFE5-C681D25A16AD}.Release|Any CPU.ActiveCfg = Release|Any CPU
		{E5495E02-F8AE-4212-BFE5-C681D25A16AD}.Release|Any CPU.Build.0 = Release|Any CPU
	EndGlobalSection
	GlobalSection(SolutionProperties) = preSolution
		HideSolutionNode = FALSE
	EndGlobalSection
	GlobalSection(ExtensibilityGlobals) = postSolution
		SolutionGuid = {FA18FA57-F336-4750-B498-2454C9B5E5C0}
	EndGlobalSection
EndGlobal
